
Microsoft Visual Studio Solution File, Format Version 12.00
# Visual Studio Version 17
VisualStudioVersion = 17.10.34928.147
MinimumVisualStudioVersion = 10.0.40219.1
Project("{9A19103F-16F7-4668-BE54-9A1E7A4F7556}") = "Alertnity", "Alertnity\Alertnity.csproj", "{BB15EF87-3547-4395-B081-FB53C180F524}"
EndProject
Project("{9A19103F-16F7-4668-BE54-9A1E7A4F7556}") = "Alertnity.Web", "Alertnity.Web\Alertnity.Web.csproj", "{58525FDC-AC1D-4BC1-8A85-EB05269490AF}"
	ProjectSection(ProjectDependencies) = postProject
		{BB15EF87-3547-4395-B081-FB53C180F524} = {BB15EF87-3547-4395-B081-FB53C180F524}
	EndProjectSection
EndProject
Project("{E53339B2-1760-4266-BCC7-CA923CBCF16C}") = "docker-compose", "docker-compose.dcproj", "{B6B4AC91-6261-4EE5-8EF2-B65C51E89B96}"
EndProject
Global
	GlobalSection(SolutionConfigurationPlatforms) = preSolution
		Debug|Any CPU = Debug|Any CPU
		Release|Any CPU = Release|Any CPU
	EndGlobalSection
	GlobalSection(ProjectConfigurationPlatforms) = postSolution
		{BB15EF87-3547-4395-B081-FB53C180F524}.Debug|Any CPU.ActiveCfg = Debug|Any CPU
		{BB15EF87-3547-4395-B081-FB53C180F524}.Debug|Any CPU.Build.0 = Debug|Any CPU
		{BB15EF87-3547-4395-B081-FB53C180F524}.Release|Any CPU.ActiveCfg = Release|Any CPU
		{BB15EF87-3547-4395-B081-FB53C180F524}.Release|Any CPU.Build.0 = Release|Any CPU
		{58525FDC-AC1D-4BC1-8A85-EB05269490AF}.Debug|Any CPU.ActiveCfg = Debug|Any CPU
		{58525FDC-AC1D-4BC1-8A85-EB05269490AF}.Debug|Any CPU.Build.0 = Debug|Any CPU
		{58525FDC-AC1D-4BC1-8A85-EB05269490AF}.Release|Any CPU.ActiveCfg = Release|Any CPU
		{58525FDC-AC1D-4BC1-8A85-EB05269490AF}.Release|Any CPU.Build.0 = Release|Any CPU
		{B6B4AC91-6261-4EE5-8EF2-B65C51E89B96}.Debug|Any CPU.ActiveCfg = Debug|Any CPU
		{B6B4AC91-6261-4EE5-8EF2-B65C51E89B96}.Debug|Any CPU.Build.0 = Debug|Any CPU
		{B6B4AC91-6261-4EE5-8EF2-B65C51E89B96}.Release|Any CPU.ActiveCfg = Release|Any CPU
		{B6B4AC91-6261-4EE5-8EF2-B65C51E89B96}.Release|Any CPU.Build.0 = Release|Any CPU
	EndGlobalSection
	GlobalSection(SolutionProperties) = preSolution
		HideSolutionNode = FALSE
	EndGlobalSection
	GlobalSection(ExtensibilityGlobals) = postSolution
		SolutionGuid = {B1969A7A-7ECB-423F-9342-C945F065F19E}
	EndGlobalSection
EndGlobal
